<?xml version="1.0" encoding="utf-8"?>
<Project ToolsVersion="4.0" xmlns="http://schemas.microsoft.com/developer/msbuild/2003">
  <ItemGroup>
    <ClCompile Include="Animacao.cpp" />
    <ClCompile Include="AnimacaoEstatica.cpp" />
    <ClCompile Include="AnimacaoMovimento.cpp" />
    <ClCompile Include="ColiRun.cpp" />
    <ClCompile Include="Ente.cpp" />
    <ClCompile Include="Entidade.cpp" />
    <ClCompile Include="Estado.cpp" />
    <ClCompile Include="Fase.cpp" />
    <ClCompile Include="Gerenciador_Estado.cpp" />
    <ClCompile Include="Gerenciador_Colisoes.cpp" />
    <ClCompile Include="Gerenciador_Eventos.cpp" />
    <ClCompile Include="Gerenciador_Grafico.cpp" />
    <ClCompile Include="Jogador.cpp" />
    <ClCompile Include="ListaEntidades.cpp" />
    <ClCompile Include="main.cpp" />
    <ClCompile Include="Observer.cpp" />
    <ClCompile Include="Subject.cpp" />
    <ClCompile Include="Obstaculo.cpp" />
    <ClCompile Include="Personagem.cpp" />
    <ClCompile Include="Plataforma.cpp" />
    <ClCompile Include="MainMenu.cpp" />
    <ClCompile Include="Menu.cpp" />
    <ClCompile Include="MenuObserver.cpp" />
    <ClCompile Include="Texto.cpp" />
    <ClCompile Include="Botao.cpp" />
  </ItemGroup>
  <ItemGroup>
    <ClInclude Include="Animacao.h" />
    <ClInclude Include="AnimacaoEstatica.h" />
    <ClInclude Include="AnimacaoMovimento.h" />
    <ClInclude Include="ColiRun.h" />
    <ClInclude Include="Ente.h" />
    <ClInclude Include="Entidade.h" />
    <ClInclude Include="Estado.h" />
    <ClInclude Include="Fase.h" />
    <ClInclude Include="Gerenciador_Estado.h" />
    <ClInclude Include="Observer.h" />
    <ClInclude Include="Subject.h" />
    <ClInclude Include="Gerenciador_Colisoes.h" />
    <ClInclude Include="Gerenciador_Eventos.h" />
    <ClInclude Include="Gerenciador_Grafico.h" />
    <ClInclude Include="IDs\IDs.h" />
    <ClInclude Include="Jogador.h" />
    <ClInclude Include="Lista.h" />
    <ClInclude Include="ListaEntidades.h" />
    <ClInclude Include="Obstaculo.h" />
    <ClInclude Include="Personagem.h" />
    <ClInclude Include="Plataforma.h" />
    <ClInclude Include="MainMenu.h" />
    <ClInclude Include="Menu.h" />
    <ClInclude Include="MenuObserver.h" />
    <ClInclude Include="Texto.h" />
    <ClInclude Include="Botao.h" />
  </ItemGroup>
  <ItemGroup>
    <Image Include="assets\fundo1.png" />
    <Image Include="assets\jogador_andar.png" />
    <Image Include="assets\jogador_ataque.png" />
    <Image Include="assets\jogador_parado.png" />
    <Image Include="assets\jogador_pulo.png" />
    <Image Include="assets\pedra.png" />
    <Image Include="assets\red.png" />
    <Image Include="fundo1.png" />
  </ItemGroup>
</Project>