<?xml version="1.0" encoding="utf-8"?>
<Project ToolsVersion="4.0" xmlns="http://schemas.microsoft.com/developer/msbuild/2003">
  <ItemGroup>
    <ClCompile Include="src\Animacao.cpp" />
    <ClCompile Include="src\AnimacaoEstatica.cpp" />
    <ClCompile Include="src\AnimacaoMovimento.cpp" />
    <ClCompile Include="src\Botao.cpp" />
    <ClCompile Include="src\ColiRun.cpp" />
    <ClCompile Include="src\Ente.cpp" />
    <ClCompile Include="src\Entidade.cpp" />
    <ClCompile Include="src\Estado.cpp" />
    <ClCompile Include="src\Fase.cpp" />
    <ClCompile Include="src\Gerenciador_Colisoes.cpp" />
    <ClCompile Include="src\Gerenciador_Estado.cpp" />
    <ClCompile Include="src\Gerenciador_Eventos.cpp" />
    <ClCompile Include="src\Gerenciador_Grafico.cpp" />
    <ClCompile Include="src\Jogador.cpp" />
    <ClCompile Include="src\ListaEntidades.cpp" />
    <ClCompile Include="src\main.cpp" />
    <ClCompile Include="src\MainMenu.cpp" />
    <ClCompile Include="src\Menu.cpp" />
    <ClCompile Include="src\MenuObserver.cpp" />
    <ClCompile Include="src\Observer.cpp" />
    <ClCompile Include="src\Obstaculo.cpp" />
    <ClCompile Include="src\Personagem.cpp" />
    <ClCompile Include="src\Plataforma.cpp" />
    <ClCompile Include="src\Subject.cpp" />
    <ClCompile Include="src\Texto.cpp" />
    <ClCompile Include="src\Inimigo.cpp" />
  </ItemGroup>
  <ItemGroup>
    <ClInclude Include="IDs\IDs.h" />
    <ClInclude Include="include\Animacao.h" />
    <ClInclude Include="include\AnimacaoEstatica.h" />
    <ClInclude Include="include\AnimacaoMovimento.h" />
    <ClInclude Include="include\Botao.h" />
    <ClInclude Include="include\ColiRun.h" />
    <ClInclude Include="include\Ente.h" />
    <ClInclude Include="include\Entidade.h" />
    <ClInclude Include="include\Estado.h" />
    <ClInclude Include="include\Fase.h" />
    <ClInclude Include="include\Gerenciador_Colisoes.h" />
    <ClInclude Include="include\Gerenciador_Estado.h" />
    <ClInclude Include="include\Gerenciador_Eventos.h" />
    <ClInclude Include="include\Gerenciador_Grafico.h" />
    <ClInclude Include="include\Jogador.h" />
    <ClInclude Include="include\Lista.h" />
    <ClInclude Include="include\ListaEntidades.h" />
    <ClInclude Include="include\MainMenu.h" />
    <ClInclude Include="include\Menu.h" />
    <ClInclude Include="include\MenuObserver.h" />
    <ClInclude Include="include\Observer.h" />
    <ClInclude Include="include\Obstaculo.h" />
    <ClInclude Include="include\Personagem.h" />
    <ClInclude Include="include\Plataforma.h" />
    <ClInclude Include="include\Subject.h" />
    <ClInclude Include="include\Texto.h" />
    <ClInclude Include="include\Inimigo.h" />
  </ItemGroup>
  <ItemGroup>
    <Image Include="assets\fundos\coliseu.png" />
    <Image Include="assets\fundos\fundo1.png" />
    <Image Include="assets\inimigos\soldado_andar.png" />
    <Image Include="assets\inimigos\soldado_ataque.png" />
    <Image Include="assets\inimigos\soldado_machucado.png" />
    <Image Include="assets\inimigos\soldado_morte.png" />
    <Image Include="assets\inimigos\soldado_parado.png" />
    <Image Include="assets\jogador\jogador_andar.png" />
    <Image Include="assets\jogador\jogador_ataque.png" />
    <Image Include="assets\jogador\jogador_parado.png" />
    <Image Include="assets\jogador\jogador_pulo.png" />
    <Image Include="assets\jogador\jogador2_andar.png" />
    <Image Include="assets\jogador\jogador2_parado.png" />
  </ItemGroup>
</Project>